
Microsoft Visual Studio Solution File, Format Version 12.00
# Visual Studio Version 17
VisualStudioVersion = 17.14.36623.8 d17.14
MinimumVisualStudioVersion = 10.0.40219.1
Project("{FAE04EC0-301F-11D3-BF4B-00C04F79EFBC}") = "ДЗ №22", "ДЗ №22\ДЗ №22.csproj", "{2E4EAC19-EC83-41B3-AC2C-96610663CCE1}"
EndProject
Global
	GlobalSection(SolutionConfigurationPlatforms) = preSolution
		Debug|Any CPU = Debug|Any CPU
		Release|Any CPU = Release|Any CPU
	EndGlobalSection
	GlobalSection(ProjectConfigurationPlatforms) = postSolution
		{2E4EAC19-EC83-41B3-AC2C-96610663CCE1}.Debug|Any CPU.ActiveCfg = Debug|Any CPU
		{2E4EAC19-EC83-41B3-AC2C-96610663CCE1}.Debug|Any CPU.Build.0 = Debug|Any CPU
		{2E4EAC19-EC83-41B3-AC2C-96610663CCE1}.Release|Any CPU.ActiveCfg = Release|Any CPU
		{2E4EAC19-EC83-41B3-AC2C-96610663CCE1}.Release|Any CPU.Build.0 = Release|Any CPU
	EndGlobalSection
	GlobalSection(SolutionProperties) = preSolution
		HideSolutionNode = FALSE
	EndGlobalSection
	GlobalSection(ExtensibilityGlobals) = postSolution
		SolutionGuid = {826D20E8-026B-4D8A-B367-19EC1550E19A}
	EndGlobalSection
EndGlobal
